
Microsoft Visual Studio Solution File, Format Version 12.00
# Visual Studio Version 17
VisualStudioVersion = 17.12.35527.113 d17.12
MinimumVisualStudioVersion = 10.0.40219.1
Project("{FAE04EC0-301F-11D3-BF4B-00C04F79EFBC}") = "IdentityApp.Web", "IdentityApp.Web\IdentityApp.Web.csproj", "{BC5AC7AC-FAEC-4685-92C2-C2BAC00457CE}"
EndProject
Global
	GlobalSection(SolutionConfigurationPlatforms) = preSolution
		Debug|Any CPU = Debug|Any CPU
		Release|Any CPU = Release|Any CPU
	EndGlobalSection
	GlobalSection(ProjectConfigurationPlatforms) = postSolution
		{BC5AC7AC-FAEC-4685-92C2-C2BAC00457CE}.Debug|Any CPU.ActiveCfg = Debug|Any CPU
		{BC5AC7AC-FAEC-4685-92C2-C2BAC00457CE}.Debug|Any CPU.Build.0 = Debug|Any CPU
		{BC5AC7AC-FAEC-4685-92C2-C2BAC00457CE}.Release|Any CPU.ActiveCfg = Release|Any CPU
		{BC5AC7AC-FAEC-4685-92C2-C2BAC00457CE}.Release|Any CPU.Build.0 = Release|Any CPU
	EndGlobalSection
	GlobalSection(SolutionProperties) = preSolution
		HideSolutionNode = FALSE
	EndGlobalSection
EndGlobal
